
Microsoft Visual Studio Solution File, Format Version 12.00
# Visual Studio Version 17
VisualStudioVersion = 17.7.34018.315
MinimumVisualStudioVersion = 10.0.40219.1
Project("{FAE04EC0-301F-11D3-BF4B-00C04F79EFBC}") = "6T24_Ludo_WPF4", "6T24_Ludo_WPF4\6T24_Ludo_WPF4.csproj", "{ED35BB7F-234B-42D2-BF41-09DD93F75F65}"
EndProject
Global
	GlobalSection(SolutionConfigurationPlatforms) = preSolution
		Debug|Any CPU = Debug|Any CPU
		Release|Any CPU = Release|Any CPU
	EndGlobalSection
	GlobalSection(ProjectConfigurationPlatforms) = postSolution
		{ED35BB7F-234B-42D2-BF41-09DD93F75F65}.Debug|Any CPU.ActiveCfg = Debug|Any CPU
		{ED35BB7F-234B-42D2-BF41-09DD93F75F65}.Debug|Any CPU.Build.0 = Debug|Any CPU
		{ED35BB7F-234B-42D2-BF41-09DD93F75F65}.Release|Any CPU.ActiveCfg = Release|Any CPU
		{ED35BB7F-234B-42D2-BF41-09DD93F75F65}.Release|Any CPU.Build.0 = Release|Any CPU
	EndGlobalSection
	GlobalSection(SolutionProperties) = preSolution
		HideSolutionNode = FALSE
	EndGlobalSection
	GlobalSection(ExtensibilityGlobals) = postSolution
		SolutionGuid = {0973FDD5-84C9-4ABD-BDB1-9ECEAD714CC6}
	EndGlobalSection
EndGlobal
