
Microsoft Visual Studio Solution File, Format Version 12.00
# Visual Studio Version 17
VisualStudioVersion = 17.8.34511.84
MinimumVisualStudioVersion = 10.0.40219.1
Project("{FAE04EC0-301F-11D3-BF4B-00C04F79EFBC}") = "6T24_ludo_WPF6", "6T24_ludo_WPF6.csproj", "{C0330414-C8B3-421D-AA22-BC664FB48D95}"
EndProject
Global
	GlobalSection(SolutionConfigurationPlatforms) = preSolution
		Debug|Any CPU = Debug|Any CPU
		Release|Any CPU = Release|Any CPU
	EndGlobalSection
	GlobalSection(ProjectConfigurationPlatforms) = postSolution
		{C0330414-C8B3-421D-AA22-BC664FB48D95}.Debug|Any CPU.ActiveCfg = Debug|Any CPU
		{C0330414-C8B3-421D-AA22-BC664FB48D95}.Debug|Any CPU.Build.0 = Debug|Any CPU
		{C0330414-C8B3-421D-AA22-BC664FB48D95}.Release|Any CPU.ActiveCfg = Release|Any CPU
		{C0330414-C8B3-421D-AA22-BC664FB48D95}.Release|Any CPU.Build.0 = Release|Any CPU
	EndGlobalSection
	GlobalSection(SolutionProperties) = preSolution
		HideSolutionNode = FALSE
	EndGlobalSection
	GlobalSection(ExtensibilityGlobals) = postSolution
		SolutionGuid = {FDCC4029-C2D0-4E79-A2B5-AFEEEBFB65AE}
	EndGlobalSection
EndGlobal
