
Microsoft Visual Studio Solution File, Format Version 12.00
# Visual Studio Version 17
VisualStudioVersion = 17.8.34511.84
MinimumVisualStudioVersion = 10.0.40219.1
Project("{FAE04EC0-301F-11D3-BF4B-00C04F79EFBC}") = "6T24_ludo_WPFAct3BisEvant2", "6T24_ludo_WPFAct3BisEvant2.csproj", "{B92E3799-40F0-408A-AE1C-B298FEE33C61}"
EndProject
Global
	GlobalSection(SolutionConfigurationPlatforms) = preSolution
		Debug|Any CPU = Debug|Any CPU
		Release|Any CPU = Release|Any CPU
	EndGlobalSection
	GlobalSection(ProjectConfigurationPlatforms) = postSolution
		{B92E3799-40F0-408A-AE1C-B298FEE33C61}.Debug|Any CPU.ActiveCfg = Debug|Any CPU
		{B92E3799-40F0-408A-AE1C-B298FEE33C61}.Debug|Any CPU.Build.0 = Debug|Any CPU
		{B92E3799-40F0-408A-AE1C-B298FEE33C61}.Release|Any CPU.ActiveCfg = Release|Any CPU
		{B92E3799-40F0-408A-AE1C-B298FEE33C61}.Release|Any CPU.Build.0 = Release|Any CPU
	EndGlobalSection
	GlobalSection(SolutionProperties) = preSolution
		HideSolutionNode = FALSE
	EndGlobalSection
	GlobalSection(ExtensibilityGlobals) = postSolution
		SolutionGuid = {A37F57A1-0633-4407-A189-7E2034EAEE3A}
	EndGlobalSection
EndGlobal
