
Microsoft Visual Studio Solution File, Format Version 12.00
# Visual Studio Version 17
VisualStudioVersion = 17.7.34018.315
MinimumVisualStudioVersion = 10.0.40219.1
Project("{FAE04EC0-301F-11D3-BF4B-00C04F79EFBC}") = "6T24_Ludo_WPF5", "6T24_Ludo_WPF5\6T24_Ludo_WPF5.csproj", "{06DDDA08-6C5C-4BB3-85C0-6E8195D8E0B4}"
EndProject
Global
	GlobalSection(SolutionConfigurationPlatforms) = preSolution
		Debug|Any CPU = Debug|Any CPU
		Release|Any CPU = Release|Any CPU
	EndGlobalSection
	GlobalSection(ProjectConfigurationPlatforms) = postSolution
		{06DDDA08-6C5C-4BB3-85C0-6E8195D8E0B4}.Debug|Any CPU.ActiveCfg = Debug|Any CPU
		{06DDDA08-6C5C-4BB3-85C0-6E8195D8E0B4}.Debug|Any CPU.Build.0 = Debug|Any CPU
		{06DDDA08-6C5C-4BB3-85C0-6E8195D8E0B4}.Release|Any CPU.ActiveCfg = Release|Any CPU
		{06DDDA08-6C5C-4BB3-85C0-6E8195D8E0B4}.Release|Any CPU.Build.0 = Release|Any CPU
	EndGlobalSection
	GlobalSection(SolutionProperties) = preSolution
		HideSolutionNode = FALSE
	EndGlobalSection
	GlobalSection(ExtensibilityGlobals) = postSolution
		SolutionGuid = {A4CC4A1B-7659-4ACE-9DF1-24C36A827DB4}
	EndGlobalSection
EndGlobal
