
Microsoft Visual Studio Solution File, Format Version 12.00
# Visual Studio Version 17
VisualStudioVersion = 17.7.34018.315
MinimumVisualStudioVersion = 10.0.40219.1
Project("{FAE04EC0-301F-11D3-BF4B-00C04F79EFBC}") = "6T24_ludo_WPF2", "6T24_ludo_WPF2\6T24_ludo_WPF2.csproj", "{DE06C8C3-B72D-4350-8F2D-5B462FA04968}"
EndProject
Global
	GlobalSection(SolutionConfigurationPlatforms) = preSolution
		Debug|Any CPU = Debug|Any CPU
		Release|Any CPU = Release|Any CPU
	EndGlobalSection
	GlobalSection(ProjectConfigurationPlatforms) = postSolution
		{DE06C8C3-B72D-4350-8F2D-5B462FA04968}.Debug|Any CPU.ActiveCfg = Debug|Any CPU
		{DE06C8C3-B72D-4350-8F2D-5B462FA04968}.Debug|Any CPU.Build.0 = Debug|Any CPU
		{DE06C8C3-B72D-4350-8F2D-5B462FA04968}.Release|Any CPU.ActiveCfg = Release|Any CPU
		{DE06C8C3-B72D-4350-8F2D-5B462FA04968}.Release|Any CPU.Build.0 = Release|Any CPU
	EndGlobalSection
	GlobalSection(SolutionProperties) = preSolution
		HideSolutionNode = FALSE
	EndGlobalSection
	GlobalSection(ExtensibilityGlobals) = postSolution
		SolutionGuid = {801A4668-941E-41E8-BAAC-38FE9D18B42A}
	EndGlobalSection
EndGlobal
