
Microsoft Visual Studio Solution File, Format Version 12.00
# Visual Studio Version 17
VisualStudioVersion = 17.7.34018.315
MinimumVisualStudioVersion = 10.0.40219.1
Project("{FAE04EC0-301F-11D3-BF4B-00C04F79EFBC}") = "CE_UAA14WPF_Dec_Bechet", "CE_UAA14WPF_Dec_Bechet.csproj", "{505E0193-7F89-4FF3-AEFE-80A5513D5BB0}"
EndProject
Global
	GlobalSection(SolutionConfigurationPlatforms) = preSolution
		Debug|Any CPU = Debug|Any CPU
		Release|Any CPU = Release|Any CPU
	EndGlobalSection
	GlobalSection(ProjectConfigurationPlatforms) = postSolution
		{505E0193-7F89-4FF3-AEFE-80A5513D5BB0}.Debug|Any CPU.ActiveCfg = Debug|Any CPU
		{505E0193-7F89-4FF3-AEFE-80A5513D5BB0}.Debug|Any CPU.Build.0 = Debug|Any CPU
		{505E0193-7F89-4FF3-AEFE-80A5513D5BB0}.Release|Any CPU.ActiveCfg = Release|Any CPU
		{505E0193-7F89-4FF3-AEFE-80A5513D5BB0}.Release|Any CPU.Build.0 = Release|Any CPU
	EndGlobalSection
	GlobalSection(SolutionProperties) = preSolution
		HideSolutionNode = FALSE
	EndGlobalSection
	GlobalSection(ExtensibilityGlobals) = postSolution
		SolutionGuid = {1C141CE6-4224-47A3-ADF5-55F6ADEACA75}
	EndGlobalSection
EndGlobal
