
Microsoft Visual Studio Solution File, Format Version 12.00
# Visual Studio Version 17
VisualStudioVersion = 17.8.34511.84
MinimumVisualStudioVersion = 10.0.40219.1
Project("{FAE04EC0-301F-11D3-BF4B-00C04F79EFBC}") = "6T24_ludo_FrameEx1", "6T24_ludo_FrameEx1.csproj", "{B6986061-D7C3-45CD-8D5A-092A1549A660}"
EndProject
Global
	GlobalSection(SolutionConfigurationPlatforms) = preSolution
		Debug|Any CPU = Debug|Any CPU
		Release|Any CPU = Release|Any CPU
	EndGlobalSection
	GlobalSection(ProjectConfigurationPlatforms) = postSolution
		{B6986061-D7C3-45CD-8D5A-092A1549A660}.Debug|Any CPU.ActiveCfg = Debug|Any CPU
		{B6986061-D7C3-45CD-8D5A-092A1549A660}.Debug|Any CPU.Build.0 = Debug|Any CPU
		{B6986061-D7C3-45CD-8D5A-092A1549A660}.Release|Any CPU.ActiveCfg = Release|Any CPU
		{B6986061-D7C3-45CD-8D5A-092A1549A660}.Release|Any CPU.Build.0 = Release|Any CPU
	EndGlobalSection
	GlobalSection(SolutionProperties) = preSolution
		HideSolutionNode = FALSE
	EndGlobalSection
	GlobalSection(ExtensibilityGlobals) = postSolution
		SolutionGuid = {D58EE4E1-02D4-4023-9587-37956DCA5C0A}
	EndGlobalSection
EndGlobal
