
Microsoft Visual Studio Solution File, Format Version 12.00
# Visual Studio Version 17
VisualStudioVersion = 17.8.34511.84
MinimumVisualStudioVersion = 10.0.40219.1
Project("{FAE04EC0-301F-11D3-BF4B-00C04F79EFBC}") = "6T24_MatchingGaming_Bechet", "6T24_MatchingGaming_Bechet.csproj", "{9B9A0288-D35D-42C6-9127-4906FD9C800E}"
EndProject
Global
	GlobalSection(SolutionConfigurationPlatforms) = preSolution
		Debug|Any CPU = Debug|Any CPU
		Release|Any CPU = Release|Any CPU
	EndGlobalSection
	GlobalSection(ProjectConfigurationPlatforms) = postSolution
		{9B9A0288-D35D-42C6-9127-4906FD9C800E}.Debug|Any CPU.ActiveCfg = Debug|Any CPU
		{9B9A0288-D35D-42C6-9127-4906FD9C800E}.Debug|Any CPU.Build.0 = Debug|Any CPU
		{9B9A0288-D35D-42C6-9127-4906FD9C800E}.Release|Any CPU.ActiveCfg = Release|Any CPU
		{9B9A0288-D35D-42C6-9127-4906FD9C800E}.Release|Any CPU.Build.0 = Release|Any CPU
	EndGlobalSection
	GlobalSection(SolutionProperties) = preSolution
		HideSolutionNode = FALSE
	EndGlobalSection
	GlobalSection(ExtensibilityGlobals) = postSolution
		SolutionGuid = {34AA157E-36B3-466E-A7F7-E318434BB73D}
	EndGlobalSection
EndGlobal
